{
  "version": "2",
  "remote": {
    "https://deno.land/std@0.189.0/_util/asserts.ts": "178dfc49a464aee693a7e285567b3d0b555dc805ff490505a8aae34f9cfb1462",
    "https://deno.land/std@0.189.0/_util/os.ts": "d932f56d41e4f6a6093d56044e29ce637f8dcc43c5a90af43504a889cf1775e3",
    "https://deno.land/std@0.189.0/fmt/colors.ts": "d67e3cd9f472535241a8e410d33423980bec45047e343577554d3356e1f0ef4e",
    "https://deno.land/std@0.189.0/fs/_util.ts": "579038bebc3bd35c43a6a7766f7d91fbacdf44bc03468e9d3134297bb99ed4f9",
    "https://deno.land/std@0.189.0/fs/copy.ts": "14214efd94fc3aa6db1e4af2b4b9578e50f7362b7f3725d5a14ad259a5df26c8",
    "https://deno.land/std@0.189.0/fs/empty_dir.ts": "c3d2da4c7352fab1cf144a1ecfef58090769e8af633678e0f3fabaef98594688",
    "https://deno.land/std@0.189.0/fs/ensure_dir.ts": "dc64c4c75c64721d4e3fb681f1382f803ff3d2868f08563ff923fdd20d071c40",
    "https://deno.land/std@0.189.0/fs/ensure_file.ts": "c38602670bfaf259d86ca824a94e6cb9e5eb73757fefa4ebf43a90dd017d53d9",
    "https://deno.land/std@0.189.0/fs/ensure_link.ts": "c0f5b2f0ec094ed52b9128eccb1ee23362a617457aa0f699b145d4883f5b2fb4",
    "https://deno.land/std@0.189.0/fs/ensure_symlink.ts": "5006ab2f458159c56d689b53b1e48d57e05eeb1eaf64e677f7f76a30bc4fdba1",
    "https://deno.land/std@0.189.0/fs/eol.ts": "f1f2eb348a750c34500741987b21d65607f352cf7205f48f4319d417fff42842",
    "https://deno.land/std@0.189.0/fs/exists.ts": "29c26bca8584a22876be7cb8844f1b6c8fc35e9af514576b78f5c6884d7ed02d",
    "https://deno.land/std@0.189.0/fs/expand_glob.ts": "e4f56259a0a70fe23f05215b00de3ac5e6ba46646ab2a06ebbe9b010f81c972a",
    "https://deno.land/std@0.189.0/fs/mod.ts": "bc3d0acd488cc7b42627044caf47d72019846d459279544e1934418955ba4898",
    "https://deno.land/std@0.189.0/fs/move.ts": "b4f8f46730b40c32ea3c0bc8eb0fd0e8139249a698883c7b3756424cf19785c9",
    "https://deno.land/std@0.189.0/fs/walk.ts": "920be35a7376db6c0b5b1caf1486fb962925e38c9825f90367f8f26b5e5d0897",
    "https://deno.land/std@0.189.0/path/_constants.ts": "e49961f6f4f48039c0dfed3c3f93e963ca3d92791c9d478ac5b43183413136e0",
    "https://deno.land/std@0.189.0/path/_interface.ts": "6471159dfbbc357e03882c2266d21ef9afdb1e4aa771b0545e90db58a0ba314b",
    "https://deno.land/std@0.189.0/path/_util.ts": "d7abb1e0dea065f427b89156e28cdeb32b045870acdf865833ba808a73b576d0",
    "https://deno.land/std@0.189.0/path/common.ts": "ee7505ab01fd22de3963b64e46cff31f40de34f9f8de1fff6a1bd2fe79380000",
    "https://deno.land/std@0.189.0/path/glob.ts": "d479e0a695621c94d3fd7fe7abd4f9499caf32a8de13f25073451c6ef420a4e1",
    "https://deno.land/std@0.189.0/path/mod.ts": "ee161baec5ded6510ee1d1fb6a75a0f5e4b41f3f3301c92c716ecbdf7dae910d",
    "https://deno.land/std@0.189.0/path/posix.ts": "8b7c67ac338714b30c816079303d0285dd24af6b284f7ad63da5b27372a2c94d",
    "https://deno.land/std@0.189.0/path/separator.ts": "0fb679739d0d1d7bf45b68dacfb4ec7563597a902edbaf3c59b50d5bcadd93b1",
    "https://deno.land/std@0.189.0/path/win32.ts": "d186344e5583bcbf8b18af416d13d82b35a317116e6460a5a3953508c3de5bba",
    "https://deno.land/x/emoji@0.2.1/all.json": "9beb741e050f6eaeab2e4529517a68fd55f4cde98d9a5008c5ef5537e4d2ddb5",
    "https://deno.land/x/emoji@0.2.1/emoji.ts": "59baa579fead2ea631cde96aefa03689ee2f1241ab76398965eddc5c66096047",
    "https://deno.land/x/emoji@0.2.1/mod.ts": "733bed20d9489f91fd16823bc0bff4943d995d7f1fdae6fea458b3e0927bde96",
    "https://deno.land/x/emoji@0.2.1/types.ts": "5897345f500088c719a35388c5b192bc5d93fc2c13e37d94eafa8ff3480edd17",
    "https://deno.land/x/emoji@0.2.1/unicode.ts": "ac8079e8e1da66ae9e601c1fdd0e7641120c2b07ca7bd2875e65fe23e16e6199",
    "https://deno.land/x/gfm@0.2.3/deps.ts": "d821c21f5bf9963b0dad9dbafdfe064fe2b72b247e17e051ab7d101522f24159",
    "https://deno.land/x/gfm@0.2.3/mod.ts": "04c5b0572eb5d37fd06a3d46c7611de03e6bc8b4f98ac17328a5e3371dca7bc2",
    "https://deno.land/x/gfm@0.2.3/style.js": "86de9308f5d108ee0976e296260eb634c7477a11a9bebf44e6f863a5b8fb6d6d",
    "https://esm.sh/he@1.2.0": "8881ee2bcee1d4fbcff1ff9493d88d3c275129e4f1bad01183ef3697fe1f6a5e",
    "https://esm.sh/katex@0.16.4/dist/katex.mjs": "9de6db2bebfce98d5e575a625393308c93cff43821f695cf77f46ccc64ec76ce",
    "https://esm.sh/marked-gfm-heading-id@3.0.3": "01d04b4e37d3dcfcb276fb52f67644708795f22c2512e976bc1ff731f364eac6",
    "https://esm.sh/marked@5.0.1": "83ca7cc16f133380cb084eb319ede4b4dc5ac0e271b2a527f2127f2ee8edbace",
    "https://esm.sh/prismjs@1.29.0": "f0d0be5d4e357dd081c0eea26e0f2d475c645b4e17e228a427d1d4ac47688de7",
    "https://esm.sh/sanitize-html@2.8.1?target=esnext": "4aefb47ee4e1a031afafea93bd2c55f1a89c1116f89f449d53920134a523b877",
    "https://esm.sh/v124/@types/he@1.2.0/index.d.ts": "baaae0918f67a340020b36c4499d5e4abfc153e0f93e3263054ebc1c1a1fe3bc",
    "https://esm.sh/v124/@types/katex@0.16.0/index.d.ts": "d17f13839bd1f6bdfae4e09df4aac3ec6e99753b638af1e6e67a46c313d76f49",
    "https://esm.sh/v124/@types/marked@5.0.0/index.d.ts": "7e62bd8a5e1c5e321a8489c6e018933d6a045f6363b98f463865ee1aee9c013e",
    "https://esm.sh/v124/@types/prismjs@1.26.0/index.d.ts": "6484309596f594ae824513336bd2a2e04a1902b06bb149fa904f5cae5fbe5c50",
    "https://esm.sh/v124/@types/sanitize-html@2.8.1/index.d.ts": "7b7cd763ba6a751e036d5a8ab4de1bd466991e8d4f096f002b8c622ac05f452a",
    "https://esm.sh/v124/base64-js@1.5.1/esnext/base64-js.mjs": "06645873bd39b537271b4c46c974b9b51a02b9feafa07937bb3a3cfaf1fb0cf6",
    "https://esm.sh/v124/buffer@6.0.3/esnext/buffer.bundle.mjs": "051dfb628ca21b767cd709d8b3aed826d4cb18a278109e43a71ea5773e998664",
    "https://esm.sh/v124/deepmerge@4.3.1/esnext/deepmerge.mjs": "426fb4ada3c99ddd720d7c28ce216d8fcb47543e3d64ead96d97b1103cc16487",
    "https://esm.sh/v124/dom-serializer@2.0.0/esnext/dom-serializer.mjs": "8f141943b3e45e120298f245ba689215ace8cd69cea71b2d0d2c703887c6b6f6",
    "https://esm.sh/v124/dom-serializer@2.0.0/lib/index.d.ts": "5db3a359bc756b7f0100defef5e9ded0db47046560f47692f5cb2001e7e7981b",
    "https://esm.sh/v124/domelementtype@2.3.0/esnext/domelementtype.mjs": "1e4dd3222620668a50040012a6b0d1582e89e7a570826a079a11226a7929e20c",
    "https://esm.sh/v124/domelementtype@2.3.0/lib/index.d.ts": "e307d69c2e131e39db6038b4bd51916c6cd787e01d730ad0c28c60491d0accf2",
    "https://esm.sh/v124/domhandler@5.0.3/esnext/domhandler.mjs": "aaf9345f0fc5b6d45113b332d308a6bd6a36dab0e445faccbc635c927db15c68",
    "https://esm.sh/v124/domhandler@5.0.3/lib/index.d.ts": "587a74d5be3d1ff7904170380e0a40e69ca29c3186e88c9f360462a920051348",
    "https://esm.sh/v124/domhandler@5.0.3/lib/node.d.ts": "43d049f414ff27c0338a1e84d13e04e4e0f203e833699111d28d5a7b97774171",
    "https://esm.sh/v124/domutils@3.1.0/esnext/domutils.mjs": "1cdd872ea38a5a42cffccdb5aeab9225d8d977cdb5f511a4c17a70eda41f50e5",
    "https://esm.sh/v124/domutils@3.1.0/lib/feeds.d.ts": "23d76dc77c5d332bd87cfd8e8fb7b552ca176eeea7385924967927dde52fbb0a",
    "https://esm.sh/v124/domutils@3.1.0/lib/helpers.d.ts": "0a32f0528b566ba81717e9906e6713cf2258ebeded52b614c9f59b0982a0195a",
    "https://esm.sh/v124/domutils@3.1.0/lib/index.d.ts": "1c891f0e1bffc4773c75e3fc0055135e51f37ca2c5a5d2a7a529775221aea30a",
    "https://esm.sh/v124/domutils@3.1.0/lib/legacy.d.ts": "a10da18315d551f1fdcfb2a23dba00bbe686846e2a856deb4455674c8e881384",
    "https://esm.sh/v124/domutils@3.1.0/lib/manipulation.d.ts": "7a4cbb9c74df82220d0c97155c91390a64ed70eebd52f7cbdeb9b656b99db6be",
    "https://esm.sh/v124/domutils@3.1.0/lib/querying.d.ts": "a392e92ffa8dfe73ec8a5a3914f5910c063167fa4cd73c679d526232ae284dd2",
    "https://esm.sh/v124/domutils@3.1.0/lib/stringify.d.ts": "e3a7ef7ba31ac3e6d58ad13adb9e2d7151c403885ecf9732cae22f251a6c78c6",
    "https://esm.sh/v124/domutils@3.1.0/lib/traversal.d.ts": "f1e68dbead8e25cbd591e77de376b86b00906f83c8e80354ab27ea9d14cf9750",
    "https://esm.sh/v124/entities@4.5.0/esnext/entities.mjs": "5e2dc6b9009c467fceb7b357ca2d43a618e039aa4163267418064f65e69e4913",
    "https://esm.sh/v124/entities@4.5.0/esnext/lib/decode.js": "a94034fcf3b2ec6828ed2911b2f42bdeeab26f38ecc759fb1881e440c6c54b92",
    "https://esm.sh/v124/escape-string-regexp@4.0.0/esnext/escape-string-regexp.mjs": "7f00803b40f74aee2522808c0cf76057a715636dd84f4f679731b0e935cd3a56",
    "https://esm.sh/v124/github-slugger@2.0.0/deno/github-slugger.mjs": "d470dd1c85a31e0581b1188ece5511592e185dce4463c593f2b938468bf4b953",
    "https://esm.sh/v124/he@1.2.0/deno/he.mjs": "572efc9730e217ade18d6528968a86ad2c4c95ac17abfd1db0833d327a952700",
    "https://esm.sh/v124/htmlparser2@8.0.2/esnext/htmlparser2.mjs": "e95e5016ecbc62a0cdf570c62af6f4e155e8300fe3758b76c0ce20ac18bab5a0",
    "https://esm.sh/v124/htmlparser2@8.0.2/lib/Parser.d.ts": "6a80f8277a19c60ab25d2d8d89630dbfb5fbf7219c6f2b5c648c9c365ae967b5",
    "https://esm.sh/v124/htmlparser2@8.0.2/lib/Tokenizer.d.ts": "41787f4904cb436cf92cba22f574829aeb7a527138e1dd228a2084e796c11bb8",
    "https://esm.sh/v124/htmlparser2@8.0.2/lib/index.d.ts": "90330898ace4ff5468beef6aa7bfc1aa1ba8f9856c0c47744aadcaa7a8e481fa",
    "https://esm.sh/v124/ieee754@1.2.1/esnext/ieee754.mjs": "697af7a0508eafc364c7ff778310afdc7e7d7187c15f5f3a3295b541785af5b4",
    "https://esm.sh/v124/is-plain-object@5.0.0/esnext/is-plain-object.mjs": "d990fb0c3e251072728088888873225a35995aedff2e3b443b5e3c33efe1be3b",
    "https://esm.sh/v124/katex@0.16.4/deno/dist/katex.js": "27e0eedb0777ef84992de0a287c4e5d1d42c95c7973054109c42405ce78b5919",
    "https://esm.sh/v124/marked-gfm-heading-id@3.0.3/deno/marked-gfm-heading-id.mjs": "81bef4373ff583cd8c5133e9db10c6afe712499a552c32d05fec6ce204532e71",
    "https://esm.sh/v124/marked@5.0.1/deno/marked.mjs": "ade17c3604394f80d5054d6277420ebfe8721b3e9d9aa8e47f227bcdb8434b8e",
    "https://esm.sh/v124/nanoid@3.3.6/esnext/non-secure.js": "aef4144cd7d02917d59594dbbed43bf7f42bd3280ba5500ec7a0bba8d2e1c9f7",
    "https://esm.sh/v124/node_events.js": "507b1d9405b8384264d683e0508416c4be85498e65d32d0fcf64d6d353a30151",
    "https://esm.sh/v124/node_process.js": "138682d1c2af338932526443b7513103b898a9460d3e461ee315d3a68060342a",
    "https://esm.sh/v124/parse-srcset@1.0.2/esnext/parse-srcset.mjs": "99266fb819ffab3c5419aab0beeafbfb6e8572dac0bb33ad9a47da77af0a8224",
    "https://esm.sh/v124/picocolors@1.0.0/esnext/picocolors.mjs": "df13f83b999dcfb6c81373ff205b7ce912b8518d833754ca3b312f764d4500fb",
    "https://esm.sh/v124/postcss@8.4.23/esnext/postcss.mjs": "c6189c26dfa0e2ea49a98cf43e64916805fb0eb03933f9ba9c43b0aa8f397a10",
    "https://esm.sh/v124/prismjs@1.29.0/deno/prismjs.mjs": "83f2d67f19ae74ff9c9c29f5533f7ab8e5d9191000661024610ba73c4d07b87b",
    "https://esm.sh/v124/sanitize-html@2.8.1/esnext/sanitize-html.mjs": "462dc6c34524b8ec86a1479720812fa718c7baf296e29c5e26e10ff64fa9a1ec"
  }
}
